
Microsoft Visual Studio Solution File, Format Version 12.00
# Visual Studio Version 16
VisualStudioVersion = 16.0.30406.217
MinimumVisualStudioVersion = 10.0.40219.1
Project("{FAE04EC0-301F-11D3-BF4B-00C04F79EFBC}") = "XAMLFormatter", "XAMLFormatter\XAMLFormatter.csproj", "{2DCB793D-FA52-4BC3-9DA5-F4FF5251D94E}"
EndProject
Global
	GlobalSection(SolutionConfigurationPlatforms) = preSolution
		Debug|Any CPU = Debug|Any CPU
		Release|Any CPU = Release|Any CPU
	EndGlobalSection
	GlobalSection(ProjectConfigurationPlatforms) = postSolution
		{2DCB793D-FA52-4BC3-9DA5-F4FF5251D94E}.Debug|Any CPU.ActiveCfg = Debug|Any CPU
		{2DCB793D-FA52-4BC3-9DA5-F4FF5251D94E}.Debug|Any CPU.Build.0 = Debug|Any CPU
		{2DCB793D-FA52-4BC3-9DA5-F4FF5251D94E}.Release|Any CPU.ActiveCfg = Release|Any CPU
		{2DCB793D-FA52-4BC3-9DA5-F4FF5251D94E}.Release|Any CPU.Build.0 = Release|Any CPU
	EndGlobalSection
	GlobalSection(SolutionProperties) = preSolution
		HideSolutionNode = FALSE
	EndGlobalSection
	GlobalSection(ExtensibilityGlobals) = postSolution
		SolutionGuid = {8979704A-9110-447C-B62C-E4A97105D225}
	EndGlobalSection
EndGlobal
